
Microsoft Visual Studio Solution File, Format Version 12.00
# Visual Studio Version 17
VisualStudioVersion = 17.2.32630.192
MinimumVisualStudioVersion = 10.0.40219.1
Project("{FAE04EC0-301F-11D3-BF4B-00C04F79EFBC}") = "Aula2-n°RA", "Aula2-n°RA\Aula2-n°RA.csproj", "{F5CFA4AB-9D01-4784-8333-0BA7CD9783D2}"
EndProject
Global
	GlobalSection(SolutionConfigurationPlatforms) = preSolution
		Debug|Any CPU = Debug|Any CPU
		Release|Any CPU = Release|Any CPU
	EndGlobalSection
	GlobalSection(ProjectConfigurationPlatforms) = postSolution
		{F5CFA4AB-9D01-4784-8333-0BA7CD9783D2}.Debug|Any CPU.ActiveCfg = Debug|Any CPU
		{F5CFA4AB-9D01-4784-8333-0BA7CD9783D2}.Debug|Any CPU.Build.0 = Debug|Any CPU
		{F5CFA4AB-9D01-4784-8333-0BA7CD9783D2}.Release|Any CPU.ActiveCfg = Release|Any CPU
		{F5CFA4AB-9D01-4784-8333-0BA7CD9783D2}.Release|Any CPU.Build.0 = Release|Any CPU
	EndGlobalSection
	GlobalSection(SolutionProperties) = preSolution
		HideSolutionNode = FALSE
	EndGlobalSection
	GlobalSection(ExtensibilityGlobals) = postSolution
		SolutionGuid = {A83DEE49-102C-4569-A236-9E6AB644D61B}
	EndGlobalSection
EndGlobal
